
Microsoft Visual Studio Solution File, Format Version 12.00
# Visual Studio Version 17
VisualStudioVersion = 17.0.32014.148
MinimumVisualStudioVersion = 10.0.40219.1
Project("{FAE04EC0-301F-11D3-BF4B-00C04F79EFBC}") = "Luval.FourInARow", "Luval.FourInARow\Luval.FourInARow.csproj", "{C5A31F11-6C77-4E80-A792-BFBBE5A83772}"
EndProject
Project("{FAE04EC0-301F-11D3-BF4B-00C04F79EFBC}") = "Luval.FourInARow.ConsoleApp", "Luval.FourInARow.ConsoleApp\Luval.FourInARow.ConsoleApp.csproj", "{75D6AF03-FD45-4297-A333-48A59AFF3B66}"
EndProject
Project("{FAE04EC0-301F-11D3-BF4B-00C04F79EFBC}") = "Luval.FourInARow.Tests", "Luval.FourInARow.Tests\Luval.FourInARow.Tests.csproj", "{616B4774-3B02-4531-88BF-9EFE29FBA89D}"
EndProject
Global
	GlobalSection(SolutionConfigurationPlatforms) = preSolution
		Debug|Any CPU = Debug|Any CPU
		Release|Any CPU = Release|Any CPU
	EndGlobalSection
	GlobalSection(ProjectConfigurationPlatforms) = postSolution
		{C5A31F11-6C77-4E80-A792-BFBBE5A83772}.Debug|Any CPU.ActiveCfg = Debug|Any CPU
		{C5A31F11-6C77-4E80-A792-BFBBE5A83772}.Debug|Any CPU.Build.0 = Debug|Any CPU
		{C5A31F11-6C77-4E80-A792-BFBBE5A83772}.Release|Any CPU.ActiveCfg = Release|Any CPU
		{C5A31F11-6C77-4E80-A792-BFBBE5A83772}.Release|Any CPU.Build.0 = Release|Any CPU
		{75D6AF03-FD45-4297-A333-48A59AFF3B66}.Debug|Any CPU.ActiveCfg = Debug|Any CPU
		{75D6AF03-FD45-4297-A333-48A59AFF3B66}.Debug|Any CPU.Build.0 = Debug|Any CPU
		{75D6AF03-FD45-4297-A333-48A59AFF3B66}.Release|Any CPU.ActiveCfg = Release|Any CPU
		{75D6AF03-FD45-4297-A333-48A59AFF3B66}.Release|Any CPU.Build.0 = Release|Any CPU
		{616B4774-3B02-4531-88BF-9EFE29FBA89D}.Debug|Any CPU.ActiveCfg = Debug|Any CPU
		{616B4774-3B02-4531-88BF-9EFE29FBA89D}.Debug|Any CPU.Build.0 = Debug|Any CPU
		{616B4774-3B02-4531-88BF-9EFE29FBA89D}.Release|Any CPU.ActiveCfg = Release|Any CPU
		{616B4774-3B02-4531-88BF-9EFE29FBA89D}.Release|Any CPU.Build.0 = Release|Any CPU
	EndGlobalSection
	GlobalSection(SolutionProperties) = preSolution
		HideSolutionNode = FALSE
	EndGlobalSection
	GlobalSection(ExtensibilityGlobals) = postSolution
		SolutionGuid = {E11AE9C2-32C1-4401-BFEB-ABD6B5E38A55}
	EndGlobalSection
EndGlobal
